
Microsoft Visual Studio Solution File, Format Version 12.00
# Visual Studio Version 16
VisualStudioVersion = 16.0.31005.135
MinimumVisualStudioVersion = 10.0.40219.1
Project("{2150E333-8FDC-42A3-9474-1A3956D46DE8}") = "src", "src", "{B2FAF8C4-1AC0-44B7-AF6F-1BAC83024855}"
EndProject
Project("{9A19103F-16F7-4668-BE54-9A1E7A4F7556}") = "ComparableGenerator", "src\ComparableGenerator\ComparableGenerator.csproj", "{3A730D13-5914-4A95-8407-0D3DF8EEDC88}"
EndProject
Project("{2150E333-8FDC-42A3-9474-1A3956D46DE8}") = "test", "test", "{A3733593-98D5-4526-A695-F3D35892EF34}"
EndProject
Project("{FAE04EC0-301F-11D3-BF4B-00C04F79EFBC}") = "Hoge", "test\Hoge\Hoge.csproj", "{10125804-9FBA-4025-A7B3-655225A06499}"
EndProject
Global
	GlobalSection(SolutionConfigurationPlatforms) = preSolution
		Debug|Any CPU = Debug|Any CPU
		Release|Any CPU = Release|Any CPU
	EndGlobalSection
	GlobalSection(ProjectConfigurationPlatforms) = postSolution
		{3A730D13-5914-4A95-8407-0D3DF8EEDC88}.Debug|Any CPU.ActiveCfg = Debug|Any CPU
		{3A730D13-5914-4A95-8407-0D3DF8EEDC88}.Debug|Any CPU.Build.0 = Debug|Any CPU
		{3A730D13-5914-4A95-8407-0D3DF8EEDC88}.Release|Any CPU.ActiveCfg = Release|Any CPU
		{3A730D13-5914-4A95-8407-0D3DF8EEDC88}.Release|Any CPU.Build.0 = Release|Any CPU
		{10125804-9FBA-4025-A7B3-655225A06499}.Debug|Any CPU.ActiveCfg = Debug|Any CPU
		{10125804-9FBA-4025-A7B3-655225A06499}.Debug|Any CPU.Build.0 = Debug|Any CPU
		{10125804-9FBA-4025-A7B3-655225A06499}.Release|Any CPU.ActiveCfg = Release|Any CPU
		{10125804-9FBA-4025-A7B3-655225A06499}.Release|Any CPU.Build.0 = Release|Any CPU
	EndGlobalSection
	GlobalSection(SolutionProperties) = preSolution
		HideSolutionNode = FALSE
	EndGlobalSection
	GlobalSection(NestedProjects) = preSolution
		{3A730D13-5914-4A95-8407-0D3DF8EEDC88} = {B2FAF8C4-1AC0-44B7-AF6F-1BAC83024855}
		{10125804-9FBA-4025-A7B3-655225A06499} = {A3733593-98D5-4526-A695-F3D35892EF34}
	EndGlobalSection
	GlobalSection(ExtensibilityGlobals) = postSolution
		SolutionGuid = {461E36AD-4102-4F07-AD0E-FD918BBE184B}
	EndGlobalSection
EndGlobal
